
Microsoft Visual Studio Solution File, Format Version 12.00
# Visual Studio Version 17
VisualStudioVersion = 17.14.37411.7
MinimumVisualStudioVersion = 10.0.40219.1
Project("{FAE04EC0-301F-11D3-BF4B-00C04F79EFBC}") = "calendar4", "calendar4.csproj", "{B4A42434-5EFC-4DA7-B3D7-6EF1B22E8B41}"
EndProject
Project("{FAE04EC0-301F-11D3-BF4B-00C04F79EFBC}") = "ChatServer", "..\ChatServer\ChatServer.csproj", "{CC5A0E21-4F4C-F356-679E-F9196CC36FD3}"
EndProject
Global
	GlobalSection(SolutionConfigurationPlatforms) = preSolution
		Debug|Any CPU = Debug|Any CPU
		Release|Any CPU = Release|Any CPU
	EndGlobalSection
	GlobalSection(ProjectConfigurationPlatforms) = postSolution
		{B4A42434-5EFC-4DA7-B3D7-6EF1B22E8B41}.Debug|Any CPU.ActiveCfg = Debug|Any CPU
		{B4A42434-5EFC-4DA7-B3D7-6EF1B22E8B41}.Debug|Any CPU.Build.0 = Debug|Any CPU
		{B4A42434-5EFC-4DA7-B3D7-6EF1B22E8B41}.Release|Any CPU.ActiveCfg = Release|Any CPU
		{B4A42434-5EFC-4DA7-B3D7-6EF1B22E8B41}.Release|Any CPU.Build.0 = Release|Any CPU
		{CC5A0E21-4F4C-F356-679E-F9196CC36FD3}.Debug|Any CPU.ActiveCfg = Debug|Any CPU
		{CC5A0E21-4F4C-F356-679E-F9196CC36FD3}.Debug|Any CPU.Build.0 = Debug|Any CPU
		{CC5A0E21-4F4C-F356-679E-F9196CC36FD3}.Release|Any CPU.ActiveCfg = Release|Any CPU
		{CC5A0E21-4F4C-F356-679E-F9196CC36FD3}.Release|Any CPU.Build.0 = Release|Any CPU
	EndGlobalSection
	GlobalSection(SolutionProperties) = preSolution
		HideSolutionNode = FALSE
	EndGlobalSection
	GlobalSection(ExtensibilityGlobals) = postSolution
		SolutionGuid = {065EAA15-CFE6-4B8D-B7A9-3499A800798A}
	EndGlobalSection
EndGlobal
